
Microsoft Visual Studio Solution File, Format Version 12.00
# Visual Studio Version 16
VisualStudioVersion = 16.0.31729.503
MinimumVisualStudioVersion = 10.0.40219.1
Project("{2150E333-8FDC-42A3-9474-1A3956D46DE8}") = "Class projects", "Class projects", "{7CC1E54B-6C09-4514-8819-0363F7E6A8FF}"
EndProject
Project("{2150E333-8FDC-42A3-9474-1A3956D46DE8}") = "Testing projects", "Testing projects", "{611EFBCF-1A29-46C1-8F32-BF36564EF269}"
EndProject
Project("{9A19103F-16F7-4668-BE54-9A1E7A4F7556}") = "PatientTrackerUnitTestProject", "PatientTrackerUnitTestProject\PatientTrackerUnitTestProject.csproj", "{758E0339-9724-400D-9B6F-457F4C6B3747}"
EndProject
Project("{2150E333-8FDC-42A3-9474-1A3956D46DE8}") = "Solution Items", "Solution Items", "{DA2B3A55-AB8C-457E-BC73-E69F8D168887}"
	ProjectSection(SolutionItems) = preProject
		readme.md = readme.md
		stash.txt = stash.txt
	EndProjectSection
EndProject
Project("{9A19103F-16F7-4668-BE54-9A1E7A4F7556}") = "CommonLibrary", "CommonLibrary\CommonLibrary.csproj", "{42A838C2-28BC-4D77-A8C9-CDCF53F25675}"
EndProject
Project("{9A19103F-16F7-4668-BE54-9A1E7A4F7556}") = "ThirdPartyLibrary", "ThirdPartyLibrary\ThirdPartyLibrary.csproj", "{21C1C9E6-05D5-4254-9234-54352148B73E}"
EndProject
Project("{2150E333-8FDC-42A3-9474-1A3956D46DE8}") = "Frontend projects", "Frontend projects", "{20E7F322-1C8F-4A0E-99BC-93D243A0101B}"
EndProject
Project("{9A19103F-16F7-4668-BE54-9A1E7A4F7556}") = "VendorsApp", "VendorsApp\VendorsApp.csproj", "{CFC78457-B51C-4E12-8C1C-D5A75AA90B4B}"
EndProject
Project("{9A19103F-16F7-4668-BE54-9A1E7A4F7556}") = "DataLibrary", "DataLibrary\DataLibrary.csproj", "{51878EE8-D762-4DD5-BE07-64C662B671F8}"
EndProject
Project("{9A19103F-16F7-4668-BE54-9A1E7A4F7556}") = "DataLibraryFrontEnd", "DataLibraryFrontEnd\DataLibraryFrontEnd.csproj", "{E466E53F-9245-4903-A286-36D43862EC41}"
EndProject
Project("{2150E333-8FDC-42A3-9474-1A3956D46DE8}") = "Console projects", "Console projects", "{5F6E2410-741B-4D5B-8A4A-FA2E806A24B0}"
EndProject
Project("{9A19103F-16F7-4668-BE54-9A1E7A4F7556}") = "HashTablesConsoleApp", "HashTablesConsoleApp\HashTablesConsoleApp.csproj", "{491CD270-815C-41D0-8280-C05BA0BBA330}"
EndProject
Project("{9A19103F-16F7-4668-BE54-9A1E7A4F7556}") = "SortedListConsoleApp", "SortedListConsoleApp\SortedListConsoleApp.csproj", "{C5709C89-9A37-48F4-91D6-3673056A0B3C}"
EndProject
Project("{9A19103F-16F7-4668-BE54-9A1E7A4F7556}") = "DictionaryConsoleApp", "DictionaryConsoleApp\DictionaryConsoleApp.csproj", "{553B203C-DF09-4950-BD78-65F53BF2786A}"
EndProject
Project("{9A19103F-16F7-4668-BE54-9A1E7A4F7556}") = "ArrayConsoleApp", "ArrayConsoleApp\ArrayConsoleApp.csproj", "{40EB09D2-5635-4786-AAA8-7CDB622A369D}"
EndProject
Project("{9A19103F-16F7-4668-BE54-9A1E7A4F7556}") = "HashSetVsListConsoleApp", "HashSetVsListConsoleApp\HashSetVsListConsoleApp.csproj", "{A396D975-C145-4128-B081-875A901904D2}"
EndProject
Project("{9A19103F-16F7-4668-BE54-9A1E7A4F7556}") = "ListGenericConsoleApp", "ListGenericConsoleApp\ListGenericConsoleApp.csproj", "{384D61A9-599F-4077-868C-E37BB7CF5684}"
EndProject
Project("{9A19103F-16F7-4668-BE54-9A1E7A4F7556}") = "VariousUnitTestProject", "VariousUnitTestProject\VariousUnitTestProject.csproj", "{916C0486-3B31-4040-B2B8-9AF0E4219CC4}"
EndProject
Project("{2150E333-8FDC-42A3-9474-1A3956D46DE8}") = "Other", "Other", "{670A7BA3-3A36-4C74-889D-5CA8BD800942}"
EndProject
Project("{9A19103F-16F7-4668-BE54-9A1E7A4F7556}") = "ConsoleApp1", "ConsoleApp1\ConsoleApp1.csproj", "{E1D9A0C2-4089-4152-B775-71726038C119}"
EndProject
Project("{9A19103F-16F7-4668-BE54-9A1E7A4F7556}") = "StructConsoleApp", "StructConsoleApp\StructConsoleApp.csproj", "{B7E3D44E-003A-4973-81B3-CBB3A331F9E3}"
EndProject
Project("{2150E333-8FDC-42A3-9474-1A3956D46DE8}") = "Special", "Special", "{6F12D17F-3CFE-4801-8ECA-6CFAAC266BDE}"
EndProject
Project("{FAE04EC0-301F-11D3-BF4B-00C04F79EFBC}") = "EnumGeneratorLibrary", "EnumGeneratorLibrary\EnumGeneratorLibrary.csproj", "{637B8DD1-F45C-447E-9290-9E76C1E9AD3C}"
EndProject
Project("{FAE04EC0-301F-11D3-BF4B-00C04F79EFBC}") = "EnumDescriptionExample", "EnumDescriptionExample\EnumDescriptionExample.csproj", "{0D896E30-87FD-4E6D-AF76-96D8E568AFB8}"
EndProject
Project("{2150E333-8FDC-42A3-9474-1A3956D46DE8}") = "Student work", "Student work", "{19D8312E-A396-4F62-92EF-43DA19453A75}"
EndProject
Project("{9A19103F-16F7-4668-BE54-9A1E7A4F7556}") = "ClassWorkConsoleApp", "ClassWorkConsoleApp\ClassWorkConsoleApp.csproj", "{1CF75D04-C0D5-422D-90DA-7B3FCEA02A8B}"
EndProject
Project("{9A19103F-16F7-4668-BE54-9A1E7A4F7556}") = "ExcelSpreadSheetLiteConsoleApp", "ExcelSpreadSheetLiteConsoleApp\ExcelSpreadSheetLiteConsoleApp.csproj", "{49953E65-0E36-4E90-BDB1-E7A34742A768}"
EndProject
Project("{FAE04EC0-301F-11D3-BF4B-00C04F79EFBC}") = "ShowDuplicatesWinForms", "ShowDuplicatesWinForms\ShowDuplicatesWinForms.csproj", "{2C08D524-30B2-46A4-ACA7-9937C8987D9B}"
EndProject
Project("{9A19103F-16F7-4668-BE54-9A1E7A4F7556}") = "RangeForEach", "RangeForEach\RangeForEach.csproj", "{F423FBDF-7F39-4DF3-9CCE-B4D4A2341012}"
EndProject
Project("{9A19103F-16F7-4668-BE54-9A1E7A4F7556}") = "StudentsConsoleApp", "StudentsConsoleApp\StudentsConsoleApp.csproj", "{FB200575-8F16-43E2-A6EF-BA645702CFE1}"
EndProject
Project("{2150E333-8FDC-42A3-9474-1A3956D46DE8}") = "Acccess", "Acccess", "{03F8D32D-9175-4A02-9CDF-1205636D4698}"
EndProject
Project("{9A19103F-16F7-4668-BE54-9A1E7A4F7556}") = "AccessApplication", "AccessApplication\AccessApplication.csproj", "{E613BA68-303F-4E3E-A7E5-C36FF2AF9C51}"
EndProject
Global
	GlobalSection(SolutionConfigurationPlatforms) = preSolution
		Debug|Any CPU = Debug|Any CPU
		NormalDebug|Any CPU = NormalDebug|Any CPU
		Release|Any CPU = Release|Any CPU
	EndGlobalSection
	GlobalSection(ProjectConfigurationPlatforms) = postSolution
		{758E0339-9724-400D-9B6F-457F4C6B3747}.Debug|Any CPU.ActiveCfg = Debug|Any CPU
		{758E0339-9724-400D-9B6F-457F4C6B3747}.Debug|Any CPU.Build.0 = Debug|Any CPU
		{758E0339-9724-400D-9B6F-457F4C6B3747}.NormalDebug|Any CPU.ActiveCfg = Debug|Any CPU
		{758E0339-9724-400D-9B6F-457F4C6B3747}.NormalDebug|Any CPU.Build.0 = Debug|Any CPU
		{758E0339-9724-400D-9B6F-457F4C6B3747}.Release|Any CPU.ActiveCfg = Release|Any CPU
		{758E0339-9724-400D-9B6F-457F4C6B3747}.Release|Any CPU.Build.0 = Release|Any CPU
		{42A838C2-28BC-4D77-A8C9-CDCF53F25675}.Debug|Any CPU.ActiveCfg = Debug|Any CPU
		{42A838C2-28BC-4D77-A8C9-CDCF53F25675}.Debug|Any CPU.Build.0 = Debug|Any CPU
		{42A838C2-28BC-4D77-A8C9-CDCF53F25675}.NormalDebug|Any CPU.ActiveCfg = Debug|Any CPU
		{42A838C2-28BC-4D77-A8C9-CDCF53F25675}.NormalDebug|Any CPU.Build.0 = Debug|Any CPU
		{42A838C2-28BC-4D77-A8C9-CDCF53F25675}.Release|Any CPU.ActiveCfg = Release|Any CPU
		{42A838C2-28BC-4D77-A8C9-CDCF53F25675}.Release|Any CPU.Build.0 = Release|Any CPU
		{21C1C9E6-05D5-4254-9234-54352148B73E}.Debug|Any CPU.ActiveCfg = Debug|Any CPU
		{21C1C9E6-05D5-4254-9234-54352148B73E}.Debug|Any CPU.Build.0 = Debug|Any CPU
		{21C1C9E6-05D5-4254-9234-54352148B73E}.NormalDebug|Any CPU.ActiveCfg = Debug|Any CPU
		{21C1C9E6-05D5-4254-9234-54352148B73E}.NormalDebug|Any CPU.Build.0 = Debug|Any CPU
		{21C1C9E6-05D5-4254-9234-54352148B73E}.Release|Any CPU.ActiveCfg = Release|Any CPU
		{21C1C9E6-05D5-4254-9234-54352148B73E}.Release|Any CPU.Build.0 = Release|Any CPU
		{CFC78457-B51C-4E12-8C1C-D5A75AA90B4B}.Debug|Any CPU.ActiveCfg = Debug|Any CPU
		{CFC78457-B51C-4E12-8C1C-D5A75AA90B4B}.Debug|Any CPU.Build.0 = Debug|Any CPU
		{CFC78457-B51C-4E12-8C1C-D5A75AA90B4B}.NormalDebug|Any CPU.ActiveCfg = Debug|Any CPU
		{CFC78457-B51C-4E12-8C1C-D5A75AA90B4B}.NormalDebug|Any CPU.Build.0 = Debug|Any CPU
		{CFC78457-B51C-4E12-8C1C-D5A75AA90B4B}.Release|Any CPU.ActiveCfg = Release|Any CPU
		{CFC78457-B51C-4E12-8C1C-D5A75AA90B4B}.Release|Any CPU.Build.0 = Release|Any CPU
		{51878EE8-D762-4DD5-BE07-64C662B671F8}.Debug|Any CPU.ActiveCfg = Debug|Any CPU
		{51878EE8-D762-4DD5-BE07-64C662B671F8}.Debug|Any CPU.Build.0 = Debug|Any CPU
		{51878EE8-D762-4DD5-BE07-64C662B671F8}.NormalDebug|Any CPU.ActiveCfg = Debug|Any CPU
		{51878EE8-D762-4DD5-BE07-64C662B671F8}.NormalDebug|Any CPU.Build.0 = Debug|Any CPU
		{51878EE8-D762-4DD5-BE07-64C662B671F8}.Release|Any CPU.ActiveCfg = Release|Any CPU
		{51878EE8-D762-4DD5-BE07-64C662B671F8}.Release|Any CPU.Build.0 = Release|Any CPU
		{E466E53F-9245-4903-A286-36D43862EC41}.Debug|Any CPU.ActiveCfg = Debug|Any CPU
		{E466E53F-9245-4903-A286-36D43862EC41}.Debug|Any CPU.Build.0 = Debug|Any CPU
		{E466E53F-9245-4903-A286-36D43862EC41}.NormalDebug|Any CPU.ActiveCfg = Debug|Any CPU
		{E466E53F-9245-4903-A286-36D43862EC41}.NormalDebug|Any CPU.Build.0 = Debug|Any CPU
		{E466E53F-9245-4903-A286-36D43862EC41}.Release|Any CPU.ActiveCfg = Release|Any CPU
		{E466E53F-9245-4903-A286-36D43862EC41}.Release|Any CPU.Build.0 = Release|Any CPU
		{491CD270-815C-41D0-8280-C05BA0BBA330}.Debug|Any CPU.ActiveCfg = Debug|Any CPU
		{491CD270-815C-41D0-8280-C05BA0BBA330}.Debug|Any CPU.Build.0 = Debug|Any CPU
		{491CD270-815C-41D0-8280-C05BA0BBA330}.NormalDebug|Any CPU.ActiveCfg = Debug|Any CPU
		{491CD270-815C-41D0-8280-C05BA0BBA330}.NormalDebug|Any CPU.Build.0 = Debug|Any CPU
		{491CD270-815C-41D0-8280-C05BA0BBA330}.Release|Any CPU.ActiveCfg = Release|Any CPU
		{491CD270-815C-41D0-8280-C05BA0BBA330}.Release|Any CPU.Build.0 = Release|Any CPU
		{C5709C89-9A37-48F4-91D6-3673056A0B3C}.Debug|Any CPU.ActiveCfg = Debug|Any CPU
		{C5709C89-9A37-48F4-91D6-3673056A0B3C}.Debug|Any CPU.Build.0 = Debug|Any CPU
		{C5709C89-9A37-48F4-91D6-3673056A0B3C}.NormalDebug|Any CPU.ActiveCfg = Debug|Any CPU
		{C5709C89-9A37-48F4-91D6-3673056A0B3C}.NormalDebug|Any CPU.Build.0 = Debug|Any CPU
		{C5709C89-9A37-48F4-91D6-3673056A0B3C}.Release|Any CPU.ActiveCfg = Release|Any CPU
		{C5709C89-9A37-48F4-91D6-3673056A0B3C}.Release|Any CPU.Build.0 = Release|Any CPU
		{553B203C-DF09-4950-BD78-65F53BF2786A}.Debug|Any CPU.ActiveCfg = Debug|Any CPU
		{553B203C-DF09-4950-BD78-65F53BF2786A}.Debug|Any CPU.Build.0 = Debug|Any CPU
		{553B203C-DF09-4950-BD78-65F53BF2786A}.NormalDebug|Any CPU.ActiveCfg = Debug|Any CPU
		{553B203C-DF09-4950-BD78-65F53BF2786A}.NormalDebug|Any CPU.Build.0 = Debug|Any CPU
		{553B203C-DF09-4950-BD78-65F53BF2786A}.Release|Any CPU.ActiveCfg = Release|Any CPU
		{553B203C-DF09-4950-BD78-65F53BF2786A}.Release|Any CPU.Build.0 = Release|Any CPU
		{40EB09D2-5635-4786-AAA8-7CDB622A369D}.Debug|Any CPU.ActiveCfg = Debug|Any CPU
		{40EB09D2-5635-4786-AAA8-7CDB622A369D}.Debug|Any CPU.Build.0 = Debug|Any CPU
		{40EB09D2-5635-4786-AAA8-7CDB622A369D}.NormalDebug|Any CPU.ActiveCfg = Debug|Any CPU
		{40EB09D2-5635-4786-AAA8-7CDB622A369D}.NormalDebug|Any CPU.Build.0 = Debug|Any CPU
		{40EB09D2-5635-4786-AAA8-7CDB622A369D}.Release|Any CPU.ActiveCfg = Release|Any CPU
		{40EB09D2-5635-4786-AAA8-7CDB622A369D}.Release|Any CPU.Build.0 = Release|Any CPU
		{A396D975-C145-4128-B081-875A901904D2}.Debug|Any CPU.ActiveCfg = Debug|Any CPU
		{A396D975-C145-4128-B081-875A901904D2}.Debug|Any CPU.Build.0 = Debug|Any CPU
		{A396D975-C145-4128-B081-875A901904D2}.NormalDebug|Any CPU.ActiveCfg = Debug|Any CPU
		{A396D975-C145-4128-B081-875A901904D2}.NormalDebug|Any CPU.Build.0 = Debug|Any CPU
		{A396D975-C145-4128-B081-875A901904D2}.Release|Any CPU.ActiveCfg = Release|Any CPU
		{A396D975-C145-4128-B081-875A901904D2}.Release|Any CPU.Build.0 = Release|Any CPU
		{384D61A9-599F-4077-868C-E37BB7CF5684}.Debug|Any CPU.ActiveCfg = Debug|Any CPU
		{384D61A9-599F-4077-868C-E37BB7CF5684}.Debug|Any CPU.Build.0 = Debug|Any CPU
		{384D61A9-599F-4077-868C-E37BB7CF5684}.NormalDebug|Any CPU.ActiveCfg = Debug|Any CPU
		{384D61A9-599F-4077-868C-E37BB7CF5684}.NormalDebug|Any CPU.Build.0 = Debug|Any CPU
		{384D61A9-599F-4077-868C-E37BB7CF5684}.Release|Any CPU.ActiveCfg = Release|Any CPU
		{384D61A9-599F-4077-868C-E37BB7CF5684}.Release|Any CPU.Build.0 = Release|Any CPU
		{916C0486-3B31-4040-B2B8-9AF0E4219CC4}.Debug|Any CPU.ActiveCfg = Debug|Any CPU
		{916C0486-3B31-4040-B2B8-9AF0E4219CC4}.Debug|Any CPU.Build.0 = Debug|Any CPU
		{916C0486-3B31-4040-B2B8-9AF0E4219CC4}.NormalDebug|Any CPU.ActiveCfg = Debug|Any CPU
		{916C0486-3B31-4040-B2B8-9AF0E4219CC4}.NormalDebug|Any CPU.Build.0 = Debug|Any CPU
		{916C0486-3B31-4040-B2B8-9AF0E4219CC4}.Release|Any CPU.ActiveCfg = Release|Any CPU
		{916C0486-3B31-4040-B2B8-9AF0E4219CC4}.Release|Any CPU.Build.0 = Release|Any CPU
		{E1D9A0C2-4089-4152-B775-71726038C119}.Debug|Any CPU.ActiveCfg = Debug|Any CPU
		{E1D9A0C2-4089-4152-B775-71726038C119}.Debug|Any CPU.Build.0 = Debug|Any CPU
		{E1D9A0C2-4089-4152-B775-71726038C119}.NormalDebug|Any CPU.ActiveCfg = Debug|Any CPU
		{E1D9A0C2-4089-4152-B775-71726038C119}.NormalDebug|Any CPU.Build.0 = Debug|Any CPU
		{E1D9A0C2-4089-4152-B775-71726038C119}.Release|Any CPU.ActiveCfg = Release|Any CPU
		{E1D9A0C2-4089-4152-B775-71726038C119}.Release|Any CPU.Build.0 = Release|Any CPU
		{B7E3D44E-003A-4973-81B3-CBB3A331F9E3}.Debug|Any CPU.ActiveCfg = Debug|Any CPU
		{B7E3D44E-003A-4973-81B3-CBB3A331F9E3}.Debug|Any CPU.Build.0 = Debug|Any CPU
		{B7E3D44E-003A-4973-81B3-CBB3A331F9E3}.NormalDebug|Any CPU.ActiveCfg = Debug|Any CPU
		{B7E3D44E-003A-4973-81B3-CBB3A331F9E3}.NormalDebug|Any CPU.Build.0 = Debug|Any CPU
		{B7E3D44E-003A-4973-81B3-CBB3A331F9E3}.Release|Any CPU.ActiveCfg = Release|Any CPU
		{B7E3D44E-003A-4973-81B3-CBB3A331F9E3}.Release|Any CPU.Build.0 = Release|Any CPU
		{637B8DD1-F45C-447E-9290-9E76C1E9AD3C}.Debug|Any CPU.ActiveCfg = Debug|Any CPU
		{637B8DD1-F45C-447E-9290-9E76C1E9AD3C}.Debug|Any CPU.Build.0 = Debug|Any CPU
		{637B8DD1-F45C-447E-9290-9E76C1E9AD3C}.NormalDebug|Any CPU.ActiveCfg = NormalDebug|Any CPU
		{637B8DD1-F45C-447E-9290-9E76C1E9AD3C}.NormalDebug|Any CPU.Build.0 = NormalDebug|Any CPU
		{637B8DD1-F45C-447E-9290-9E76C1E9AD3C}.Release|Any CPU.ActiveCfg = Release|Any CPU
		{637B8DD1-F45C-447E-9290-9E76C1E9AD3C}.Release|Any CPU.Build.0 = Release|Any CPU
		{0D896E30-87FD-4E6D-AF76-96D8E568AFB8}.Debug|Any CPU.ActiveCfg = Debug|Any CPU
		{0D896E30-87FD-4E6D-AF76-96D8E568AFB8}.Debug|Any CPU.Build.0 = Debug|Any CPU
		{0D896E30-87FD-4E6D-AF76-96D8E568AFB8}.NormalDebug|Any CPU.ActiveCfg = Debug|Any CPU
		{0D896E30-87FD-4E6D-AF76-96D8E568AFB8}.NormalDebug|Any CPU.Build.0 = Debug|Any CPU
		{0D896E30-87FD-4E6D-AF76-96D8E568AFB8}.Release|Any CPU.ActiveCfg = Release|Any CPU
		{0D896E30-87FD-4E6D-AF76-96D8E568AFB8}.Release|Any CPU.Build.0 = Release|Any CPU
		{1CF75D04-C0D5-422D-90DA-7B3FCEA02A8B}.Debug|Any CPU.ActiveCfg = Debug|Any CPU
		{1CF75D04-C0D5-422D-90DA-7B3FCEA02A8B}.Debug|Any CPU.Build.0 = Debug|Any CPU
		{1CF75D04-C0D5-422D-90DA-7B3FCEA02A8B}.NormalDebug|Any CPU.ActiveCfg = Debug|Any CPU
		{1CF75D04-C0D5-422D-90DA-7B3FCEA02A8B}.NormalDebug|Any CPU.Build.0 = Debug|Any CPU
		{1CF75D04-C0D5-422D-90DA-7B3FCEA02A8B}.Release|Any CPU.ActiveCfg = Release|Any CPU
		{1CF75D04-C0D5-422D-90DA-7B3FCEA02A8B}.Release|Any CPU.Build.0 = Release|Any CPU
		{49953E65-0E36-4E90-BDB1-E7A34742A768}.Debug|Any CPU.ActiveCfg = Debug|Any CPU
		{49953E65-0E36-4E90-BDB1-E7A34742A768}.Debug|Any CPU.Build.0 = Debug|Any CPU
		{49953E65-0E36-4E90-BDB1-E7A34742A768}.NormalDebug|Any CPU.ActiveCfg = Debug|Any CPU
		{49953E65-0E36-4E90-BDB1-E7A34742A768}.NormalDebug|Any CPU.Build.0 = Debug|Any CPU
		{49953E65-0E36-4E90-BDB1-E7A34742A768}.Release|Any CPU.ActiveCfg = Release|Any CPU
		{49953E65-0E36-4E90-BDB1-E7A34742A768}.Release|Any CPU.Build.0 = Release|Any CPU
		{2C08D524-30B2-46A4-ACA7-9937C8987D9B}.Debug|Any CPU.ActiveCfg = Debug|Any CPU
		{2C08D524-30B2-46A4-ACA7-9937C8987D9B}.Debug|Any CPU.Build.0 = Debug|Any CPU
		{2C08D524-30B2-46A4-ACA7-9937C8987D9B}.NormalDebug|Any CPU.ActiveCfg = Debug|Any CPU
		{2C08D524-30B2-46A4-ACA7-9937C8987D9B}.NormalDebug|Any CPU.Build.0 = Debug|Any CPU
		{2C08D524-30B2-46A4-ACA7-9937C8987D9B}.Release|Any CPU.ActiveCfg = Release|Any CPU
		{2C08D524-30B2-46A4-ACA7-9937C8987D9B}.Release|Any CPU.Build.0 = Release|Any CPU
		{F423FBDF-7F39-4DF3-9CCE-B4D4A2341012}.Debug|Any CPU.ActiveCfg = Debug|Any CPU
		{F423FBDF-7F39-4DF3-9CCE-B4D4A2341012}.Debug|Any CPU.Build.0 = Debug|Any CPU
		{F423FBDF-7F39-4DF3-9CCE-B4D4A2341012}.NormalDebug|Any CPU.ActiveCfg = Debug|Any CPU
		{F423FBDF-7F39-4DF3-9CCE-B4D4A2341012}.NormalDebug|Any CPU.Build.0 = Debug|Any CPU
		{F423FBDF-7F39-4DF3-9CCE-B4D4A2341012}.Release|Any CPU.ActiveCfg = Release|Any CPU
		{F423FBDF-7F39-4DF3-9CCE-B4D4A2341012}.Release|Any CPU.Build.0 = Release|Any CPU
		{FB200575-8F16-43E2-A6EF-BA645702CFE1}.Debug|Any CPU.ActiveCfg = Debug|Any CPU
		{FB200575-8F16-43E2-A6EF-BA645702CFE1}.Debug|Any CPU.Build.0 = Debug|Any CPU
		{FB200575-8F16-43E2-A6EF-BA645702CFE1}.NormalDebug|Any CPU.ActiveCfg = Debug|Any CPU
		{FB200575-8F16-43E2-A6EF-BA645702CFE1}.NormalDebug|Any CPU.Build.0 = Debug|Any CPU
		{FB200575-8F16-43E2-A6EF-BA645702CFE1}.Release|Any CPU.ActiveCfg = Release|Any CPU
		{FB200575-8F16-43E2-A6EF-BA645702CFE1}.Release|Any CPU.Build.0 = Release|Any CPU
		{E613BA68-303F-4E3E-A7E5-C36FF2AF9C51}.Debug|Any CPU.ActiveCfg = Debug|Any CPU
		{E613BA68-303F-4E3E-A7E5-C36FF2AF9C51}.Debug|Any CPU.Build.0 = Debug|Any CPU
		{E613BA68-303F-4E3E-A7E5-C36FF2AF9C51}.NormalDebug|Any CPU.ActiveCfg = Debug|Any CPU
		{E613BA68-303F-4E3E-A7E5-C36FF2AF9C51}.NormalDebug|Any CPU.Build.0 = Debug|Any CPU
		{E613BA68-303F-4E3E-A7E5-C36FF2AF9C51}.Release|Any CPU.ActiveCfg = Release|Any CPU
		{E613BA68-303F-4E3E-A7E5-C36FF2AF9C51}.Release|Any CPU.Build.0 = Release|Any CPU
	EndGlobalSection
	GlobalSection(SolutionProperties) = preSolution
		HideSolutionNode = FALSE
	EndGlobalSection
	GlobalSection(NestedProjects) = preSolution
		{758E0339-9724-400D-9B6F-457F4C6B3747} = {611EFBCF-1A29-46C1-8F32-BF36564EF269}
		{42A838C2-28BC-4D77-A8C9-CDCF53F25675} = {7CC1E54B-6C09-4514-8819-0363F7E6A8FF}
		{21C1C9E6-05D5-4254-9234-54352148B73E} = {7CC1E54B-6C09-4514-8819-0363F7E6A8FF}
		{CFC78457-B51C-4E12-8C1C-D5A75AA90B4B} = {20E7F322-1C8F-4A0E-99BC-93D243A0101B}
		{51878EE8-D762-4DD5-BE07-64C662B671F8} = {7CC1E54B-6C09-4514-8819-0363F7E6A8FF}
		{E466E53F-9245-4903-A286-36D43862EC41} = {20E7F322-1C8F-4A0E-99BC-93D243A0101B}
		{491CD270-815C-41D0-8280-C05BA0BBA330} = {5F6E2410-741B-4D5B-8A4A-FA2E806A24B0}
		{C5709C89-9A37-48F4-91D6-3673056A0B3C} = {5F6E2410-741B-4D5B-8A4A-FA2E806A24B0}
		{553B203C-DF09-4950-BD78-65F53BF2786A} = {5F6E2410-741B-4D5B-8A4A-FA2E806A24B0}
		{40EB09D2-5635-4786-AAA8-7CDB622A369D} = {5F6E2410-741B-4D5B-8A4A-FA2E806A24B0}
		{A396D975-C145-4128-B081-875A901904D2} = {5F6E2410-741B-4D5B-8A4A-FA2E806A24B0}
		{384D61A9-599F-4077-868C-E37BB7CF5684} = {5F6E2410-741B-4D5B-8A4A-FA2E806A24B0}
		{916C0486-3B31-4040-B2B8-9AF0E4219CC4} = {611EFBCF-1A29-46C1-8F32-BF36564EF269}
		{670A7BA3-3A36-4C74-889D-5CA8BD800942} = {5F6E2410-741B-4D5B-8A4A-FA2E806A24B0}
		{E1D9A0C2-4089-4152-B775-71726038C119} = {670A7BA3-3A36-4C74-889D-5CA8BD800942}
		{B7E3D44E-003A-4973-81B3-CBB3A331F9E3} = {5F6E2410-741B-4D5B-8A4A-FA2E806A24B0}
		{6F12D17F-3CFE-4801-8ECA-6CFAAC266BDE} = {7CC1E54B-6C09-4514-8819-0363F7E6A8FF}
		{637B8DD1-F45C-447E-9290-9E76C1E9AD3C} = {6F12D17F-3CFE-4801-8ECA-6CFAAC266BDE}
		{0D896E30-87FD-4E6D-AF76-96D8E568AFB8} = {20E7F322-1C8F-4A0E-99BC-93D243A0101B}
		{1CF75D04-C0D5-422D-90DA-7B3FCEA02A8B} = {19D8312E-A396-4F62-92EF-43DA19453A75}
		{49953E65-0E36-4E90-BDB1-E7A34742A768} = {19D8312E-A396-4F62-92EF-43DA19453A75}
		{2C08D524-30B2-46A4-ACA7-9937C8987D9B} = {20E7F322-1C8F-4A0E-99BC-93D243A0101B}
		{F423FBDF-7F39-4DF3-9CCE-B4D4A2341012} = {5F6E2410-741B-4D5B-8A4A-FA2E806A24B0}
		{FB200575-8F16-43E2-A6EF-BA645702CFE1} = {5F6E2410-741B-4D5B-8A4A-FA2E806A24B0}
		{E613BA68-303F-4E3E-A7E5-C36FF2AF9C51} = {03F8D32D-9175-4A02-9CDF-1205636D4698}
	EndGlobalSection
	GlobalSection(ExtensibilityGlobals) = postSolution
		SolutionGuid = {C1BDC0B4-9629-4F80-A4A8-0C24423BBEC0}
	EndGlobalSection
EndGlobal
